
Microsoft Visual Studio Solution File, Format Version 12.00
# Visual Studio Version 17
VisualStudioVersion = 17.13.35828.75
MinimumVisualStudioVersion = 10.0.40219.1
Project("{FAE04EC0-301F-11D3-BF4B-00C04F79EFBC}") = "Lab01-01", "Lab01-01\Lab01-01.csproj", "{E230D556-B41D-42A9-976E-657450E0199E}"
EndProject
Project("{FAE04EC0-301F-11D3-BF4B-00C04F79EFBC}") = "Lab01-02", "Lab01-02\Lab01-02.csproj", "{BA81D7CC-FB25-4FDF-93CE-0D17FDA23159}"
EndProject
Project("{FAE04EC0-301F-11D3-BF4B-00C04F79EFBC}") = "Lab01-03", "Lab01-03\Lab01-03.csproj", "{A11BC296-BA99-4EA3-B137-D711AFE6B5C8}"
EndProject
Global
	GlobalSection(SolutionConfigurationPlatforms) = preSolution
		Debug|Any CPU = Debug|Any CPU
		Release|Any CPU = Release|Any CPU
	EndGlobalSection
	GlobalSection(ProjectConfigurationPlatforms) = postSolution
		{E230D556-B41D-42A9-976E-657450E0199E}.Debug|Any CPU.ActiveCfg = Debug|Any CPU
		{E230D556-B41D-42A9-976E-657450E0199E}.Debug|Any CPU.Build.0 = Debug|Any CPU
		{E230D556-B41D-42A9-976E-657450E0199E}.Release|Any CPU.ActiveCfg = Release|Any CPU
		{E230D556-B41D-42A9-976E-657450E0199E}.Release|Any CPU.Build.0 = Release|Any CPU
		{BA81D7CC-FB25-4FDF-93CE-0D17FDA23159}.Debug|Any CPU.ActiveCfg = Debug|Any CPU
		{BA81D7CC-FB25-4FDF-93CE-0D17FDA23159}.Debug|Any CPU.Build.0 = Debug|Any CPU
		{BA81D7CC-FB25-4FDF-93CE-0D17FDA23159}.Release|Any CPU.ActiveCfg = Release|Any CPU
		{BA81D7CC-FB25-4FDF-93CE-0D17FDA23159}.Release|Any CPU.Build.0 = Release|Any CPU
		{A11BC296-BA99-4EA3-B137-D711AFE6B5C8}.Debug|Any CPU.ActiveCfg = Debug|Any CPU
		{A11BC296-BA99-4EA3-B137-D711AFE6B5C8}.Debug|Any CPU.Build.0 = Debug|Any CPU
		{A11BC296-BA99-4EA3-B137-D711AFE6B5C8}.Release|Any CPU.ActiveCfg = Release|Any CPU
		{A11BC296-BA99-4EA3-B137-D711AFE6B5C8}.Release|Any CPU.Build.0 = Release|Any CPU
	EndGlobalSection
	GlobalSection(SolutionProperties) = preSolution
		HideSolutionNode = FALSE
	EndGlobalSection
	GlobalSection(ExtensibilityGlobals) = postSolution
		SolutionGuid = {F73FC1D1-E7B3-4E77-9893-A62FCC25A841}
	EndGlobalSection
EndGlobal
