
Microsoft Visual Studio Solution File, Format Version 12.00
# Visual Studio Version 17
VisualStudioVersion = 17.13.35828.75
MinimumVisualStudioVersion = 10.0.40219.1
Project("{FAE04EC0-301F-11D3-BF4B-00C04F79EFBC}") = "Lap04", "Lap04\Lap04.csproj", "{033BAF53-F15F-421C-A179-A03D39394404}"
EndProject
Project("{FAE04EC0-301F-11D3-BF4B-00C04F79EFBC}") = "Lap04_2", "Lap04_2\Lap04_2.csproj", "{710906F3-F202-4700-AE84-99F4FE79A41C}"
EndProject
Global
	GlobalSection(SolutionConfigurationPlatforms) = preSolution
		Debug|Any CPU = Debug|Any CPU
		Release|Any CPU = Release|Any CPU
	EndGlobalSection
	GlobalSection(ProjectConfigurationPlatforms) = postSolution
		{033BAF53-F15F-421C-A179-A03D39394404}.Debug|Any CPU.ActiveCfg = Debug|Any CPU
		{033BAF53-F15F-421C-A179-A03D39394404}.Debug|Any CPU.Build.0 = Debug|Any CPU
		{033BAF53-F15F-421C-A179-A03D39394404}.Release|Any CPU.ActiveCfg = Release|Any CPU
		{033BAF53-F15F-421C-A179-A03D39394404}.Release|Any CPU.Build.0 = Release|Any CPU
		{710906F3-F202-4700-AE84-99F4FE79A41C}.Debug|Any CPU.ActiveCfg = Debug|Any CPU
		{710906F3-F202-4700-AE84-99F4FE79A41C}.Debug|Any CPU.Build.0 = Debug|Any CPU
		{710906F3-F202-4700-AE84-99F4FE79A41C}.Release|Any CPU.ActiveCfg = Release|Any CPU
		{710906F3-F202-4700-AE84-99F4FE79A41C}.Release|Any CPU.Build.0 = Release|Any CPU
	EndGlobalSection
	GlobalSection(SolutionProperties) = preSolution
		HideSolutionNode = FALSE
	EndGlobalSection
	GlobalSection(ExtensibilityGlobals) = postSolution
		SolutionGuid = {1FE0F095-15CC-4615-BAC4-5F580B01E3C7}
	EndGlobalSection
EndGlobal
